
Microsoft Visual Studio Solution File, Format Version 12.00
# Visual Studio 15
VisualStudioVersion = 15.0.35213.121
MinimumVisualStudioVersion = 10.0.40219.1
Project("{FAE04EC0-301F-11D3-BF4B-00C04F79EFBC}") = "Soru 4", "Soru 4\Soru 4.csproj", "{D288F676-DF09-4E01-B21D-135D63592333}"
EndProject
Global
	GlobalSection(SolutionConfigurationPlatforms) = preSolution
		Debug|Any CPU = Debug|Any CPU
		Release|Any CPU = Release|Any CPU
	EndGlobalSection
	GlobalSection(ProjectConfigurationPlatforms) = postSolution
		{D288F676-DF09-4E01-B21D-135D63592333}.Debug|Any CPU.ActiveCfg = Debug|Any CPU
		{D288F676-DF09-4E01-B21D-135D63592333}.Debug|Any CPU.Build.0 = Debug|Any CPU
		{D288F676-DF09-4E01-B21D-135D63592333}.Release|Any CPU.ActiveCfg = Release|Any CPU
		{D288F676-DF09-4E01-B21D-135D63592333}.Release|Any CPU.Build.0 = Release|Any CPU
	EndGlobalSection
	GlobalSection(SolutionProperties) = preSolution
		HideSolutionNode = FALSE
	EndGlobalSection
	GlobalSection(ExtensibilityGlobals) = postSolution
		SolutionGuid = {4D674120-1D19-416E-906C-9A9954DFAF2F}
	EndGlobalSection
EndGlobal
