
Microsoft Visual Studio Solution File, Format Version 12.00
# Visual Studio 15
VisualStudioVersion = 15.0.35213.121
MinimumVisualStudioVersion = 10.0.40219.1
Project("{FAE04EC0-301F-11D3-BF4B-00C04F79EFBC}") = "Soru 6", "Soru 6\Soru 6.csproj", "{AB72EBC0-9BE8-42CB-ABFC-DFD7564A1488}"
EndProject
Global
	GlobalSection(SolutionConfigurationPlatforms) = preSolution
		Debug|Any CPU = Debug|Any CPU
		Release|Any CPU = Release|Any CPU
	EndGlobalSection
	GlobalSection(ProjectConfigurationPlatforms) = postSolution
		{AB72EBC0-9BE8-42CB-ABFC-DFD7564A1488}.Debug|Any CPU.ActiveCfg = Debug|Any CPU
		{AB72EBC0-9BE8-42CB-ABFC-DFD7564A1488}.Debug|Any CPU.Build.0 = Debug|Any CPU
		{AB72EBC0-9BE8-42CB-ABFC-DFD7564A1488}.Release|Any CPU.ActiveCfg = Release|Any CPU
		{AB72EBC0-9BE8-42CB-ABFC-DFD7564A1488}.Release|Any CPU.Build.0 = Release|Any CPU
	EndGlobalSection
	GlobalSection(SolutionProperties) = preSolution
		HideSolutionNode = FALSE
	EndGlobalSection
	GlobalSection(ExtensibilityGlobals) = postSolution
		SolutionGuid = {119B396E-4023-4116-855A-582569BC6FF4}
	EndGlobalSection
EndGlobal
