
Microsoft Visual Studio Solution File, Format Version 12.00
# Visual Studio 15
VisualStudioVersion = 15.0.35213.121
MinimumVisualStudioVersion = 10.0.40219.1
Project("{FAE04EC0-301F-11D3-BF4B-00C04F79EFBC}") = "Soru 5", "Soru 5\Soru 5.csproj", "{2962AFD5-86D8-4697-9ECF-D619188F7ACC}"
EndProject
Global
	GlobalSection(SolutionConfigurationPlatforms) = preSolution
		Debug|Any CPU = Debug|Any CPU
		Release|Any CPU = Release|Any CPU
	EndGlobalSection
	GlobalSection(ProjectConfigurationPlatforms) = postSolution
		{2962AFD5-86D8-4697-9ECF-D619188F7ACC}.Debug|Any CPU.ActiveCfg = Debug|Any CPU
		{2962AFD5-86D8-4697-9ECF-D619188F7ACC}.Debug|Any CPU.Build.0 = Debug|Any CPU
		{2962AFD5-86D8-4697-9ECF-D619188F7ACC}.Release|Any CPU.ActiveCfg = Release|Any CPU
		{2962AFD5-86D8-4697-9ECF-D619188F7ACC}.Release|Any CPU.Build.0 = Release|Any CPU
	EndGlobalSection
	GlobalSection(SolutionProperties) = preSolution
		HideSolutionNode = FALSE
	EndGlobalSection
	GlobalSection(ExtensibilityGlobals) = postSolution
		SolutionGuid = {9E856445-751B-49F6-876B-70DE3FE1DFF7}
	EndGlobalSection
EndGlobal
